
Microsoft Visual Studio Solution File, Format Version 12.00
# Visual Studio Version 17
VisualStudioVersion = 17.0.0.0
MinimumVisualStudioVersion = 10.0.0.0
Project("{FAE04EC0-301F-11D3-BF4B-00C04F79EFBC}") = "llm-history-to-post", "src\llm-history-to-post\llm-history-to-post.csproj", "{YOUR_MAIN_PROJECT_GUID}"
EndProject
Project("{FAE04EC0-301F-11D3-BF4B-00C04F79EFBC}") = "llm-history-to-post.Tests", "tests\llm-history-to-post.Tests\llm-history-to-post.Tests.csproj", "{YOUR_TEST_PROJECT_GUID}"
EndProject
Global
	GlobalSection(SolutionConfigurationPlatforms) = preSolution
		Debug|Any CPU = Debug|Any CPU
		Release|Any CPU = Release|Any CPU
	EndGlobalSection
	GlobalSection(ProjectConfigurationPlatforms) = postSolution
		{YOUR_MAIN_PROJECT_GUID}.Debug|Any CPU.ActiveCfg = Debug|Any CPU
		{YOUR_MAIN_PROJECT_GUID}.Debug|Any CPU.Build.0 = Debug|Any CPU
		{YOUR_MAIN_PROJECT_GUID}.Release|Any CPU.ActiveCfg = Release|Any CPU
		{YOUR_MAIN_PROJECT_GUID}.Release|Any CPU.Build.0 = Release|Any CPU
		{YOUR_TEST_PROJECT_GUID}.Debug|Any CPU.ActiveCfg = Debug|Any CPU
		{YOUR_TEST_PROJECT_GUID}.Debug|Any CPU.Build.0 = Debug|Any CPU
		{YOUR_TEST_PROJECT_GUID}.Release|Any CPU.ActiveCfg = Release|Any CPU
		{YOUR_TEST_PROJECT_GUID}.Release|Any CPU.Build.0 = Release|Any CPU
	EndGlobalSection
	GlobalSection(SolutionProperties) = preSolution
		HideSolutionNode = FALSE
	EndGlobalSection
	GlobalSection(ExtensibilityGlobals) = postSolution
		SolutionGuid = {YOUR_SOLUTION_GUID}
	EndGlobalSection
EndGlobal
